
Microsoft Visual Studio Solution File, Format Version 12.00
# Visual Studio Version 17
VisualStudioVersion = 17.7.34003.232
MinimumVisualStudioVersion = 10.0.40219.1
Project("{FAE04EC0-301F-11D3-BF4B-00C04F79EFBC}") = "Monopoly", "Monopoly\Monopoly.csproj", "{D9ADF97C-2453-4376-B727-0E03C8C9F74D}"
EndProject
Project("{FAE04EC0-301F-11D3-BF4B-00C04F79EFBC}") = "MonopolyConsole", "MonopolyConsole\MonopolyConsole.csproj", "{9A51C246-2550-49A4-A813-058463957F1B}"
EndProject
Project("{FAE04EC0-301F-11D3-BF4B-00C04F79EFBC}") = "MonopolyTests", "MonopolyTests\MonopolyTests.csproj", "{C7D60F74-5AC8-4AAD-9AD0-5A7A5F163270}"
EndProject
Global
	GlobalSection(SolutionConfigurationPlatforms) = preSolution
		Debug|Any CPU = Debug|Any CPU
		Release|Any CPU = Release|Any CPU
	EndGlobalSection
	GlobalSection(ProjectConfigurationPlatforms) = postSolution
		{D9ADF97C-2453-4376-B727-0E03C8C9F74D}.Debug|Any CPU.ActiveCfg = Debug|Any CPU
		{D9ADF97C-2453-4376-B727-0E03C8C9F74D}.Debug|Any CPU.Build.0 = Debug|Any CPU
		{D9ADF97C-2453-4376-B727-0E03C8C9F74D}.Release|Any CPU.ActiveCfg = Release|Any CPU
		{D9ADF97C-2453-4376-B727-0E03C8C9F74D}.Release|Any CPU.Build.0 = Release|Any CPU
		{9A51C246-2550-49A4-A813-058463957F1B}.Debug|Any CPU.ActiveCfg = Debug|Any CPU
		{9A51C246-2550-49A4-A813-058463957F1B}.Debug|Any CPU.Build.0 = Debug|Any CPU
		{9A51C246-2550-49A4-A813-058463957F1B}.Release|Any CPU.ActiveCfg = Release|Any CPU
		{9A51C246-2550-49A4-A813-058463957F1B}.Release|Any CPU.Build.0 = Release|Any CPU
		{C7D60F74-5AC8-4AAD-9AD0-5A7A5F163270}.Debug|Any CPU.ActiveCfg = Debug|Any CPU
		{C7D60F74-5AC8-4AAD-9AD0-5A7A5F163270}.Debug|Any CPU.Build.0 = Debug|Any CPU
		{C7D60F74-5AC8-4AAD-9AD0-5A7A5F163270}.Release|Any CPU.ActiveCfg = Release|Any CPU
		{C7D60F74-5AC8-4AAD-9AD0-5A7A5F163270}.Release|Any CPU.Build.0 = Release|Any CPU
	EndGlobalSection
	GlobalSection(SolutionProperties) = preSolution
		HideSolutionNode = FALSE
	EndGlobalSection
	GlobalSection(ExtensibilityGlobals) = postSolution
		SolutionGuid = {B6A9737D-B264-44D3-83B9-09E443C54019}
	EndGlobalSection
EndGlobal
